
Microsoft Visual Studio Solution File, Format Version 12.00
# Visual Studio Version 16
VisualStudioVersion = 16.0.34601.136
MinimumVisualStudioVersion = 10.0.40219.1
Project("{FAE04EC0-301F-11D3-BF4B-00C04F79EFBC}") = "New_Project", "New_Project.csproj", "{A85360F5-A2CD-4930-B4BB-4DCB38C7573D}"
EndProject
Global
	GlobalSection(SolutionConfigurationPlatforms) = preSolution
		Debug|Any CPU = Debug|Any CPU
		Release|Any CPU = Release|Any CPU
	EndGlobalSection
	GlobalSection(ProjectConfigurationPlatforms) = postSolution
		{A85360F5-A2CD-4930-B4BB-4DCB38C7573D}.Debug|Any CPU.ActiveCfg = Debug|Any CPU
		{A85360F5-A2CD-4930-B4BB-4DCB38C7573D}.Debug|Any CPU.Build.0 = Debug|Any CPU
		{A85360F5-A2CD-4930-B4BB-4DCB38C7573D}.Release|Any CPU.ActiveCfg = Release|Any CPU
		{A85360F5-A2CD-4930-B4BB-4DCB38C7573D}.Release|Any CPU.Build.0 = Release|Any CPU
	EndGlobalSection
	GlobalSection(SolutionProperties) = preSolution
		HideSolutionNode = FALSE
	EndGlobalSection
	GlobalSection(ExtensibilityGlobals) = postSolution
		SolutionGuid = {01C0CD0A-4D73-4B1C-86E6-C48ECBC01B47}
	EndGlobalSection
EndGlobal
